PODS:
  - AHEasing (1.2)
  - TLIndexPathTools (HEAD based on 0.4.0)
  - TLLayoutTransitioning (1.0.4):
    - AHEasing

DEPENDENCIES:
  - TLIndexPathTools (HEAD)
  - TLLayoutTransitioning (from `../`)

EXTERNAL SOURCES:
  TLLayoutTransitioning:
    :path: "../"

SPEC CHECKSUMS:
  AHEasing: 847f583bcd83a2bb850e38ccdb26d22e2593f34d
  TLIndexPathTools: 901fe3651c0d330b2d82c364232c425405a70e5c
  TLLayoutTransitioning: 6a2694027ac0b3acbf8ec3d21a1185d761777740

COCOAPODS: 0.37.2
