PODS:
  - TLIndexPathTools (0.2.1)
  - TLLayoutTransitioning (0.0.1)

DEPENDENCIES:
  - TLIndexPathTools
  - TLLayoutTransitioning (from `..`)

EXTERNAL SOURCES:
  TLLayoutTransitioning:
    :path: ..

SPEC CHECKSUMS:
  TLIndexPathTools: 396e76177d4e8343d693fa5049aae1be58cefb95
  TLLayoutTransitioning: 6a3368534d6026dbd74ebf9c7586267cb6779091

COCOAPODS: 0.27.1
